// !$*UTF8*$!
{
	archiveVersion = 1;
	classes = {
	};
	objectVersion = 50;
	objects = {

/* Begin PBXBuildFile section */
		857938D026872FF500AAC115 /* CoreDataSwiftUISandboxApp.swift in Sources */ = {isa = PBXBuildFile; fileRef = 857938CF26872FF500AAC115 /* CoreDataSwiftUISandboxApp.swift */; };
		857938D226872FF500AAC115 /* ContentView.swift in Sources */ = {isa = PBXBuildFile; fileRef = 857938D126872FF500AAC115 /* ContentView.swift */; };
		857938D426872FFA00AAC115 /* Assets.xcassets in Resources */ = {isa = PBXBuildFile; fileRef = 857938D326872FFA00AAC115 /* Assets.xcassets */; };
		857938D726872FFA00AAC115 /* Preview Assets.xcassets in Resources */ = {isa = PBXBuildFile; fileRef = 857938D626872FFA00AAC115 /* Preview Assets.xcassets */; };
		857938D926872FFA00AAC115 /* Persistence.swift in Sources */ = {isa = PBXBuildFile; fileRef = 857938D826872FFA00AAC115 /* Persistence.swift */; };
		857938DC26872FFA00AAC115 /* CoreDataSwiftUISandbox.xcdatamodeld in Sources */ = {isa = PBXBuildFile; fileRef = 857938DA26872FFA00AAC115 /* CoreDataSwiftUISandbox.xcdatamodeld */; };
		857938E726872FFA00AAC115 /* CoreDataSwiftUISandboxTests.swift in Sources */ = {isa = PBXBuildFile; fileRef = 857938E626872FFA00AAC115 /* CoreDataSwiftUISandboxTests.swift */; };
		857938F226872FFA00AAC115 /* CoreDataSwiftUISandboxUITests.swift in Sources */ = {isa = PBXBuildFile; fileRef = 857938F126872FFA00AAC115 /* CoreDataSwiftUISandboxUITests.swift */; };
		858CA5FD268B948100C76C00 /* Movie+CoreDataClass.swift in Sources */ = {isa = PBXBuildFile; fileRef = 858CA5FB268B948100C76C00 /* Movie+CoreDataClass.swift */; };
		858CA5FE268B948100C76C00 /* Movie+CoreDataProperties.swift in Sources */ = {isa = PBXBuildFile; fileRef = 858CA5FC268B948100C76C00 /* Movie+CoreDataProperties.swift */; };
/* End PBXBuildFile section */

/* Begin PBXContainerItemProxy section */
		857938E326872FFA00AAC115 /* PBXContainerItemProxy */ = {
			isa = PBXContainerItemProxy;
			containerPortal = 857938C426872FF500AAC115 /* Project object */;
			proxyType = 1;
			remoteGlobalIDString = 857938CB26872FF500AAC115;
			remoteInfo = CoreDataSwiftUISandbox;
		};
		857938EE26872FFA00AAC115 /* PBXContainerItemProxy */ = {
			isa = PBXContainerItemProxy;
			containerPortal = 857938C426872FF500AAC115 /* Project object */;
			proxyType = 1;
			remoteGlobalIDString = 857938CB26872FF500AAC115;
			remoteInfo = CoreDataSwiftUISandbox;
		};
/* End PBXContainerItemProxy section */

/* Begin PBXFileReference section */
		857938CC26872FF500AAC115 /* CoreDataSwiftUISandbox.app */ = {isa = PBXFileReference; explicitFileType = wrapper.application; includeInIndex = 0; path = CoreDataSwiftUISandbox.app; sourceTree = BUILT_PRODUCTS_DIR; };
		857938CF26872FF500AAC115 /* CoreDataSwiftUISandboxApp.swift */ = {isa = PBXFileReference; lastKnownFileType = sourcecode.swift; path = CoreDataSwiftUISandboxApp.swift; sourceTree = "<group>"; };
		857938D126872FF500AAC115 /* ContentView.swift */ = {isa = PBXFileReference; lastKnownFileType = sourcecode.swift; path = ContentView.swift; sourceTree = "<group>"; };
		857938D326872FFA00AAC115 /* Assets.xcassets */ = {isa = PBXFileReference; lastKnownFileType = folder.assetcatalog; path = Assets.xcassets; sourceTree = "<group>"; };
		857938D626872FFA00AAC115 /* Preview Assets.xcassets */ = {isa = PBXFileReference; lastKnownFileType = folder.assetcatalog; path = "Preview Assets.xcassets"; sourceTree = "<group>"; };
		857938D826872FFA00AAC115 /* Persistence.swift */ = {isa = PBXFileReference; lastKnownFileType = sourcecode.swift; path = Persistence.swift; sourceTree = "<group>"; };
		857938DB26872FFA00AAC115 /* CoreDataSwiftUISandbox.xcdatamodel */ = {isa = PBXFileReference; lastKnownFileType = wrapper.xcdatamodel; path = CoreDataSwiftUISandbox.xcdatamodel; sourceTree = "<group>"; };
		857938DD26872FFA00AAC115 /* Info.plist */ = {isa = PBXFileReference; lastKnownFileType = text.plist.xml; path = Info.plist; sourceTree = "<group>"; };
		857938E226872FFA00AAC115 /* CoreDataSwiftUISandboxTests.xctest */ = {isa = PBXFileReference; explicitFileType = wrapper.cfbundle; includeInIndex = 0; path = CoreDataSwiftUISandboxTests.xctest; sourceTree = BUILT_PRODUCTS_DIR; };
		857938E626872FFA00AAC115 /* CoreDataSwiftUISandboxTests.swift */ = {isa = PBXFileReference; lastKnownFileType = sourcecode.swift; path = CoreDataSwiftUISandboxTests.swift; sourceTree = "<group>"; };
		857938E826872FFA00AAC115 /* Info.plist */ = {isa = PBXFileReference; lastKnownFileType = text.plist.xml; path = Info.plist; sourceTree = "<group>"; };
		857938ED26872FFA00AAC115 /* CoreDataSwiftUISandboxUITests.xctest */ = {isa = PBXFileReference; explicitFileType = wrapper.cfbundle; includeInIndex = 0; path = CoreDataSwiftUISandboxUITests.xctest; sourceTree = BUILT_PRODUCTS_DIR; };
		857938F126872FFA00AAC115 /* CoreDataSwiftUISandboxUITests.swift */ = {isa = PBXFileReference; lastKnownFileType = sourcecode.swift; path = CoreDataSwiftUISandboxUITests.swift; sourceTree = "<group>"; };
		857938F326872FFA00AAC115 /* Info.plist */ = {isa = PBXFileReference; lastKnownFileType = text.plist.xml; path = Info.plist; sourceTree = "<group>"; };
		858CA5FB268B948100C76C00 /* Movie+CoreDataClass.swift */ = {isa = PBXFileReference; lastKnownFileType = sourcecode.swift; path = "Movie+CoreDataClass.swift"; sourceTree = "<group>"; };
		858CA5FC268B948100C76C00 /* Movie+CoreDataProperties.swift */ = {isa = PBXFileReference; lastKnownFileType = sourcecode.swift; path = "Movie+CoreDataProperties.swift"; sourceTree = "<group>"; };
/* End PBXFileReference section */

/* Begin PBXFrameworksBuildPhase section */
		857938C926872FF500AAC115 /* Frameworks */ = {
			isa = PBXFrameworksBuildPhase;
			buildActionMask = 2147483647;
			files = (
			);
			runOnlyForDeploymentPostprocessing = 0;
		};
		857938DF26872FFA00AAC115 /* Frameworks */ = {
			isa = PBXFrameworksBuildPhase;
			buildActionMask = 2147483647;
			files = (
			);
			runOnlyForDeploymentPostprocessing = 0;
		};
		857938EA26872FFA00AAC115 /* Frameworks */ = {
			isa = PBXFrameworksBuildPhase;
			buildActionMask = 2147483647;
			files = (
			);
			runOnlyForDeploymentPostprocessing = 0;
		};
/* End PBXFrameworksBuildPhase section */

/* Begin PBXGroup section */
		857938C326872FF500AAC115 = {
			isa = PBXGroup;
			children = (
				857938CE26872FF500AAC115 /* CoreDataSwiftUISandbox */,
				857938E526872FFA00AAC115 /* CoreDataSwiftUISandboxTests */,
				857938F026872FFA00AAC115 /* CoreDataSwiftUISandboxUITests */,
				857938CD26872FF500AAC115 /* Products */,
			);
			sourceTree = "<group>";
		};
		857938CD26872FF500AAC115 /* Products */ = {
			isa = PBXGroup;
			children = (
				857938CC26872FF500AAC115 /* CoreDataSwiftUISandbox.app */,
				857938E226872FFA00AAC115 /* CoreDataSwiftUISandboxTests.xctest */,
				857938ED26872FFA00AAC115 /* CoreDataSwiftUISandboxUITests.xctest */,
			);
			name = Products;
			sourceTree = "<group>";
		};
		857938CE26872FF500AAC115 /* CoreDataSwiftUISandbox */ = {
			isa = PBXGroup;
			children = (
				858CA5FB268B948100C76C00 /* Movie+CoreDataClass.swift */,
				858CA5FC268B948100C76C00 /* Movie+CoreDataProperties.swift */,
				857938CF26872FF500AAC115 /* CoreDataSwiftUISandboxApp.swift */,
				857938D126872FF500AAC115 /* ContentView.swift */,
				857938D326872FFA00AAC115 /* Assets.xcassets */,
				857938D826872FFA00AAC115 /* Persistence.swift */,
				857938DD26872FFA00AAC115 /* Info.plist */,
				857938DA26872FFA00AAC115 /* CoreDataSwiftUISandbox.xcdatamodeld */,
				857938D526872FFA00AAC115 /* Preview Content */,
			);
			path = CoreDataSwiftUISandbox;
			sourceTree = "<group>";
		};
		857938D526872FFA00AAC115 /* Preview Content */ = {
			isa = PBXGroup;
			children = (
				857938D626872FFA00AAC115 /* Preview Assets.xcassets */,
			);
			path = "Preview Content";
			sourceTree = "<group>";
		};
		857938E526872FFA00AAC115 /* CoreDataSwiftUISandboxTests */ = {
			isa = PBXGroup;
			children = (
				857938E626872FFA00AAC115 /* CoreDataSwiftUISandboxTests.swift */,
				857938E826872FFA00AAC115 /* Info.plist */,
			);
			path = CoreDataSwiftUISandboxTests;
			sourceTree = "<group>";
		};
		857938F026872FFA00AAC115 /* CoreDataSwiftUISandboxUITests */ = {
			isa = PBXGroup;
			children = (
				857938F126872FFA00AAC115 /* CoreDataSwiftUISandboxUITests.swift */,
				857938F326872FFA00AAC115 /* Info.plist */,
			);
			path = CoreDataSwiftUISandboxUITests;
			sourceTree = "<group>";
		};
/* End PBXGroup section */

/* Begin PBXNativeTarget section */
		857938CB26872FF500AAC115 /* CoreDataSwiftUISandbox */ = {
			isa = PBXNativeTarget;
			buildConfigurationList = 857938F626872FFA00AAC115 /* Build configuration list for PBXNativeTarget "CoreDataSwiftUISandbox" */;
			buildPhases = (
				857938C826872FF500AAC115 /* Sources */,
				857938C926872FF500AAC115 /* Frameworks */,
				857938CA26872FF500AAC115 /* Resources */,
			);
			buildRules = (
			);
			dependencies = (
			);
			name = CoreDataSwiftUISandbox;
			productName = CoreDataSwiftUISandbox;
			productReference = 857938CC26872FF500AAC115 /* CoreDataSwiftUISandbox.app */;
			productType = "com.apple.product-type.application";
		};
		857938E126872FFA00AAC115 /* CoreDataSwiftUISandboxTests */ = {
			isa = PBXNativeTarget;
			buildConfigurationList = 857938F926872FFA00AAC115 /* Build configuration list for PBXNativeTarget "CoreDataSwiftUISandboxTests" */;
			buildPhases = (
				857938DE26872FFA00AAC115 /* Sources */,
				857938DF26872FFA00AAC115 /* Frameworks */,
				857938E026872FFA00AAC115 /* Resources */,
			);
			buildRules = (
			);
			dependencies = (
				857938E426872FFA00AAC115 /* PBXTargetDependency */,
			);
			name = CoreDataSwiftUISandboxTests;
			productName = CoreDataSwiftUISandboxTests;
			productReference = 857938E226872FFA00AAC115 /* CoreDataSwiftUISandboxTests.xctest */;
			productType = "com.apple.product-type.bundle.unit-test";
		};
		857938EC26872FFA00AAC115 /* CoreDataSwiftUISandboxUITests */ = {
			isa = PBXNativeTarget;
			buildConfigurationList = 857938FC26872FFA00AAC115 /* Build configuration list for PBXNativeTarget "CoreDataSwiftUISandboxUITests" */;
			buildPhases = (
				857938E926872FFA00AAC115 /* Sources */,
				857938EA26872FFA00AAC115 /* Frameworks */,
				857938EB26872FFA00AAC115 /* Resources */,
			);
			buildRules = (
			);
			dependencies = (
				857938EF26872FFA00AAC115 /* PBXTargetDependency */,
			);
			name = CoreDataSwiftUISandboxUITests;
			productName = CoreDataSwiftUISandboxUITests;
			productReference = 857938ED26872FFA00AAC115 /* CoreDataSwiftUISandboxUITests.xctest */;
			productType = "com.apple.product-type.bundle.ui-testing";
		};
/* End PBXNativeTarget section */

/* Begin PBXProject section */
		857938C426872FF500AAC115 /* Project object */ = {
			isa = PBXProject;
			attributes = {
				LastSwiftUpdateCheck = 1250;
				LastUpgradeCheck = 1250;
				TargetAttributes = {
					857938CB26872FF500AAC115 = {
						CreatedOnToolsVersion = 12.5;
					};
					857938E126872FFA00AAC115 = {
						CreatedOnToolsVersion = 12.5;
						TestTargetID = 857938CB26872FF500AAC115;
					};
					857938EC26872FFA00AAC115 = {
						CreatedOnToolsVersion = 12.5;
						TestTargetID = 857938CB26872FF500AAC115;
					};
				};
			};
			buildConfigurationList = 857938C726872FF500AAC115 /* Build configuration list for PBXProject "CoreDataSwiftUISandbox" */;
			compatibilityVersion = "Xcode 9.3";
			developmentRegion = en;
			hasScannedForEncodings = 0;
			knownRegions = (
				en,
				Base,
			);
			mainGroup = 857938C326872FF500AAC115;
			productRefGroup = 857938CD26872FF500AAC115 /* Products */;
			projectDirPath = "";
			projectRoot = "";
			targets = (
				857938CB26872FF500AAC115 /* CoreDataSwiftUISandbox */,
				857938E126872FFA00AAC115 /* CoreDataSwiftUISandboxTests */,
				857938EC26872FFA00AAC115 /* CoreDataSwiftUISandboxUITests */,
			);
		};
/* End PBXProject section */

/* Begin PBXResourcesBuildPhase section */
		857938CA26872FF500AAC115 /* Resources */ = {
			isa = PBXResourcesBuildPhase;
			buildActionMask = 2147483647;
			files = (
				857938D726872FFA00AAC115 /* Preview Assets.xcassets in Resources */,
				857938D426872FFA00AAC115 /* Assets.xcassets in Resources */,
			);
			runOnlyForDeploymentPostprocessing = 0;
		};
		857938E026872FFA00AAC115 /* Resources */ = {
			isa = PBXResourcesBuildPhase;
			buildActionMask = 2147483647;
			files = (
			);
			runOnlyForDeploymentPostprocessing = 0;
		};
		857938EB26872FFA00AAC115 /* Resources */ = {
			isa = PBXResourcesBuildPhase;
			buildActionMask = 2147483647;
			files = (
			);
			runOnlyForDeploymentPostprocessing = 0;
		};
/* End PBXResourcesBuildPhase section */

/* Begin PBXSourcesBuildPhase section */
		857938C826872FF500AAC115 /* Sources */ = {
			isa = PBXSourcesBuildPhase;
			buildActionMask = 2147483647;
			files = (
				857938DC26872FFA00AAC115 /* CoreDataSwiftUISandbox.xcdatamodeld in Sources */,
				857938D926872FFA00AAC115 /* Persistence.swift in Sources */,
				857938D226872FF500AAC115 /* ContentView.swift in Sources */,
				858CA5FD268B948100C76C00 /* Movie+CoreDataClass.swift in Sources */,
				858CA5FE268B948100C76C00 /* Movie+CoreDataProperties.swift in Sources */,
				857938D026872FF500AAC115 /* CoreDataSwiftUISandboxApp.swift in Sources */,
			);
			runOnlyForDeploymentPostprocessing = 0;
		};
		857938DE26872FFA00AAC115 /* Sources */ = {
			isa = PBXSourcesBuildPhase;
			buildActionMask = 2147483647;
			files = (
				857938E726872FFA00AAC115 /* CoreDataSwiftUISandboxTests.swift in Sources */,
			);
			runOnlyForDeploymentPostprocessing = 0;
		};
		857938E926872FFA00AAC115 /* Sources */ = {
			isa = PBXSourcesBuildPhase;
			buildActionMask = 2147483647;
			files = (
				857938F226872FFA00AAC115 /* CoreDataSwiftUISandboxUITests.swift in Sources */,
			);
			runOnlyForDeploymentPostprocessing = 0;
		};
/* End PBXSourcesBuildPhase section */

/* Begin PBXTargetDependency section */
		857938E426872FFA00AAC115 /* PBXTargetDependency */ = {
			isa = PBXTargetDependency;
			target = 857938CB26872FF500AAC115 /* CoreDataSwiftUISandbox */;
			targetProxy = 857938E326872FFA00AAC115 /* PBXContainerItemProxy */;
		};
		857938EF26872FFA00AAC115 /* PBXTargetDependency */ = {
			isa = PBXTargetDependency;
			target = 857938CB26872FF500AAC115 /* CoreDataSwiftUISandbox */;
			targetProxy = 857938EE26872FFA00AAC115 /* PBXContainerItemProxy */;
		};
/* End PBXTargetDependency section */

/* Begin XCBuildConfiguration section */
		857938F426872FFA00AAC115 /* Debug */ = {
			isa = XCBuildConfiguration;
			buildSettings = {
				ALWAYS_SEARCH_USER_PATHS = NO;
				CLANG_ANALYZER_NONNULL = YES;
				CLANG_ANALYZER_NUMBER_OBJECT_CONVERSION = YES_AGGRESSIVE;
				CLANG_CXX_LANGUAGE_STANDARD = "gnu++14";
				CLANG_CXX_LIBRARY = "libc++";
				CLANG_ENABLE_MODULES = YES;
				CLANG_ENABLE_OBJC_ARC = YES;
				CLANG_ENABLE_OBJC_WEAK = YES;
				CLANG_WARN_BLOCK_CAPTURE_AUTORELEASING = YES;
				CLANG_WARN_BOOL_CONVERSION = YES;
				CLANG_WARN_COMMA = YES;
				CLANG_WARN_CONSTANT_CONVERSION = YES;
				CLANG_WARN_DEPRECATED_OBJC_IMPLEMENTATIONS = YES;
				CLANG_WARN_DIRECT_OBJC_ISA_USAGE = YES_ERROR;
				CLANG_WARN_DOCUMENTATION_COMMENTS = YES;
				CLANG_WARN_EMPTY_BODY = YES;
				CLANG_WARN_ENUM_CONVERSION = YES;
				CLANG_WARN_INFINITE_RECURSION = YES;
				CLANG_WARN_INT_CONVERSION = YES;
				CLANG_WARN_NON_LITERAL_NULL_CONVERSION = YES;
				CLANG_WARN_OBJC_IMPLICIT_RETAIN_SELF = YES;
				CLANG_WARN_OBJC_LITERAL_CONVERSION = YES;
				CLANG_WARN_OBJC_ROOT_CLASS = YES_ERROR;
				CLANG_WARN_QUOTED_INCLUDE_IN_FRAMEWORK_HEADER = YES;
				CLANG_WARN_RANGE_LOOP_ANALYSIS = YES;
				CLANG_WARN_STRICT_PROTOTYPES = YES;
				CLANG_WARN_SUSPICIOUS_MOVE = YES;
				CLANG_WARN_UNGUARDED_AVAILABILITY = YES_AGGRESSIVE;
				CLANG_WARN_UNREACHABLE_CODE = YES;
				CLANG_WARN__DUPLICATE_METHOD_MATCH = YES;
				COPY_PHASE_STRIP = NO;
				DEBUG_INFORMATION_FORMAT = dwarf;
				ENABLE_STRICT_OBJC_MSGSEND = YES;
				ENABLE_TESTABILITY = YES;
				GCC_C_LANGUAGE_STANDARD = gnu11;
				GCC_DYNAMIC_NO_PIC = NO;
				GCC_NO_COMMON_BLOCKS = YES;
				GCC_OPTIMIZATION_LEVEL = 0;
				GCC_PREPROCESSOR_DEFINITIONS = (
					"DEBUG=1",
					"$(inherited)",
				);
				GCC_WARN_64_TO_32_BIT_CONVERSION = YES;
				GCC_WARN_ABOUT_RETURN_TYPE = YES_ERROR;
				GCC_WARN_UNDECLARED_SELECTOR = YES;
				GCC_WARN_UNINITIALIZED_AUTOS = YES_AGGRESSIVE;
				GCC_WARN_UNUSED_FUNCTION = YES;
				GCC_WARN_UNUSED_VARIABLE = YES;
				IPHONEOS_DEPLOYMENT_TARGET = 14.5;
				MTL_ENABLE_DEBUG_INFO = INCLUDE_SOURCE;
				MTL_FAST_MATH = YES;
				ONLY_ACTIVE_ARCH = YES;
				SDKROOT = iphoneos;
				SWIFT_ACTIVE_COMPILATION_CONDITIONS = DEBUG;
				SWIFT_OPTIMIZATION_LEVEL = "-Onone";
			};
			name = Debug;
		};
		857938F526872FFA00AAC115 /* Release */ = {
			isa = XCBuildConfiguration;
			buildSettings = {
				ALWAYS_SEARCH_USER_PATHS = NO;
				CLANG_ANALYZER_NONNULL = YES;
				CLANG_ANALYZER_NUMBER_OBJECT_CONVERSION = YES_AGGRESSIVE;
				CLANG_CXX_LANGUAGE_STANDARD = "gnu++14";
				CLANG_CXX_LIBRARY = "libc++";
				CLANG_ENABLE_MODULES = YES;
				CLANG_ENABLE_OBJC_ARC = YES;
				CLANG_ENABLE_OBJC_WEAK = YES;
				CLANG_WARN_BLOCK_CAPTURE_AUTORELEASING = YES;
				CLANG_WARN_BOOL_CONVERSION = YES;
				CLANG_WARN_COMMA = YES;
				CLANG_WARN_CONSTANT_CONVERSION = YES;
				CLANG_WARN_DEPRECATED_OBJC_IMPLEMENTATIONS = YES;
				CLANG_WARN_DIRECT_OBJC_ISA_USAGE = YES_ERROR;
				CLANG_WARN_DOCUMENTATION_COMMENTS = YES;
				CLANG_WARN_EMPTY_BODY = YES;
				CLANG_WARN_ENUM_CONVERSION = YES;
				CLANG_WARN_INFINITE_RECURSION = YES;
				CLANG_WARN_INT_CONVERSION = YES;
				CLANG_WARN_NON_LITERAL_NULL_CONVERSION = YES;
				CLANG_WARN_OBJC_IMPLICIT_RETAIN_SELF = YES;
				CLANG_WARN_OBJC_LITERAL_CONVERSION = YES;
				CLANG_WARN_OBJC_ROOT_CLASS = YES_ERROR;
				CLANG_WARN_QUOTED_INCLUDE_IN_FRAMEWORK_HEADER = YES;
				CLANG_WARN_RANGE_LOOP_ANALYSIS = YES;
				CLANG_WARN_STRICT_PROTOTYPES = YES;
				CLANG_WARN_SUSPICIOUS_MOVE = YES;
				CLANG_WARN_UNGUARDED_AVAILABILITY = YES_AGGRESSIVE;
				CLANG_WARN_UNREACHABLE_CODE = YES;
				CLANG_WARN__DUPLICATE_METHOD_MATCH = YES;
				COPY_PHASE_STRIP = NO;
				DEBUG_INFORMATION_FORMAT = "dwarf-with-dsym";
				ENABLE_NS_ASSERTIONS = NO;
				ENABLE_STRICT_OBJC_MSGSEND = YES;
				GCC_C_LANGUAGE_STANDARD = gnu11;
				GCC_NO_COMMON_BLOCKS = YES;
				GCC_WARN_64_TO_32_BIT_CONVERSION = YES;
				GCC_WARN_ABOUT_RETURN_TYPE = YES_ERROR;
				GCC_WARN_UNDECLARED_SELECTOR = YES;
				GCC_WARN_UNINITIALIZED_AUTOS = YES_AGGRESSIVE;
				GCC_WARN_UNUSED_FUNCTION = YES;
				GCC_WARN_UNUSED_VARIABLE = YES;
				IPHONEOS_DEPLOYMENT_TARGET = 14.5;
				MTL_ENABLE_DEBUG_INFO = NO;
				MTL_FAST_MATH = YES;
				SDKROOT = iphoneos;
				SWIFT_COMPILATION_MODE = wholemodule;
				SWIFT_OPTIMIZATION_LEVEL = "-O";
				VALIDATE_PRODUCT = YES;
			};
			name = Release;
		};
		857938F726872FFA00AAC115 /* Debug */ = {
			isa = XCBuildConfiguration;
			buildSettings = {
				ASSETCATALOG_COMPILER_APPICON_NAME = AppIcon;
				ASSETCATALOG_COMPILER_GLOBAL_ACCENT_COLOR_NAME = AccentColor;
				CODE_SIGN_STYLE = Automatic;
				DEVELOPMENT_ASSET_PATHS = "\"CoreDataSwiftUISandbox/Preview Content\"";
				DEVELOPMENT_TEAM = T9DDB4H4HQ;
				ENABLE_PREVIEWS = YES;
				INFOPLIST_FILE = CoreDataSwiftUISandbox/Info.plist;
				IPHONEOS_DEPLOYMENT_TARGET = 14.0;
				LD_RUNPATH_SEARCH_PATHS = (
					"$(inherited)",
					"@executable_path/Frameworks",
				);
				PRODUCT_BUNDLE_IDENTIFIER = com.atinagnihotri.CoreDataSwiftUISandbox;
				PRODUCT_NAME = "$(TARGET_NAME)";
				SWIFT_VERSION = 5.0;
				TARGETED_DEVICE_FAMILY = "1,2";
			};
			name = Debug;
		};
		857938F826872FFA00AAC115 /* Release */ = {
			isa = XCBuildConfiguration;
			buildSettings = {
				ASSETCATALOG_COMPILER_APPICON_NAME = AppIcon;
				ASSETCATALOG_COMPILER_GLOBAL_ACCENT_COLOR_NAME = AccentColor;
				CODE_SIGN_STYLE = Automatic;
				DEVELOPMENT_ASSET_PATHS = "\"CoreDataSwiftUISandbox/Preview Content\"";
				DEVELOPMENT_TEAM = T9DDB4H4HQ;
				ENABLE_PREVIEWS = YES;
				INFOPLIST_FILE = CoreDataSwiftUISandbox/Info.plist;
				IPHONEOS_DEPLOYMENT_TARGET = 14.0;
				LD_RUNPATH_SEARCH_PATHS = (
					"$(inherited)",
					"@executable_path/Frameworks",
				);
				PRODUCT_BUNDLE_IDENTIFIER = com.atinagnihotri.CoreDataSwiftUISandbox;
				PRODUCT_NAME = "$(TARGET_NAME)";
				SWIFT_VERSION = 5.0;
				TARGETED_DEVICE_FAMILY = "1,2";
			};
			name = Release;
		};
		857938FA26872FFA00AAC115 /* Debug */ = {
			isa = XCBuildConfiguration;
			buildSettings = {
				ALWAYS_EMBED_SWIFT_STANDARD_LIBRARIES = YES;
				BUNDLE_LOADER = "$(TEST_HOST)";
				CODE_SIGN_STYLE = Automatic;
				DEVELOPMENT_TEAM = T9DDB4H4HQ;
				INFOPLIST_FILE = CoreDataSwiftUISandboxTests/Info.plist;
				IPHONEOS_DEPLOYMENT_TARGET = 14.0;
				LD_RUNPATH_SEARCH_PATHS = (
					"$(inherited)",
					"@executable_path/Frameworks",
					"@loader_path/Frameworks",
				);
				PRODUCT_BUNDLE_IDENTIFIER = com.atinagnihotri.CoreDataSwiftUISandboxTests;
				PRODUCT_NAME = "$(TARGET_NAME)";
				SWIFT_VERSION = 5.0;
				TARGETED_DEVICE_FAMILY = "1,2";
				TEST_HOST = "$(BUILT_PRODUCTS_DIR)/CoreDataSwiftUISandbox.app/CoreDataSwiftUISandbox";
			};
			name = Debug;
		};
		857938FB26872FFA00AAC115 /* Release */ = {
			isa = XCBuildConfiguration;
			buildSettings = {
				ALWAYS_EMBED_SWIFT_STANDARD_LIBRARIES = YES;
				BUNDLE_LOADER = "$(TEST_HOST)";
				CODE_SIGN_STYLE = Automatic;
				DEVELOPMENT_TEAM = T9DDB4H4HQ;
				INFOPLIST_FILE = CoreDataSwiftUISandboxTests/Info.plist;
				IPHONEOS_DEPLOYMENT_TARGET = 14.0;
				LD_RUNPATH_SEARCH_PATHS = (
					"$(inherited)",
					"@executable_path/Frameworks",
					"@loader_path/Frameworks",
				);
				PRODUCT_BUNDLE_IDENTIFIER = com.atinagnihotri.CoreDataSwiftUISandboxTests;
				PRODUCT_NAME = "$(TARGET_NAME)";
				SWIFT_VERSION = 5.0;
				TARGETED_DEVICE_FAMILY = "1,2";
				TEST_HOST = "$(BUILT_PRODUCTS_DIR)/CoreDataSwiftUISandbox.app/CoreDataSwiftUISandbox";
			};
			name = Release;
		};
		857938FD26872FFA00AAC115 /* Debug */ = {
			isa = XCBuildConfiguration;
			buildSettings = {
				ALWAYS_EMBED_SWIFT_STANDARD_LIBRARIES = YES;
				CODE_SIGN_STYLE = Automatic;
				DEVELOPMENT_TEAM = T9DDB4H4HQ;
				INFOPLIST_FILE = CoreDataSwiftUISandboxUITests/Info.plist;
				LD_RUNPATH_SEARCH_PATHS = (
					"$(inherited)",
					"@executable_path/Frameworks",
					"@loader_path/Frameworks",
				);
				PRODUCT_BUNDLE_IDENTIFIER = com.atinagnihotri.CoreDataSwiftUISandboxUITests;
				PRODUCT_NAME = "$(TARGET_NAME)";
				SWIFT_VERSION = 5.0;
				TARGETED_DEVICE_FAMILY = "1,2";
				TEST_TARGET_NAME = CoreDataSwiftUISandbox;
			};
			name = Debug;
		};
		857938FE26872FFA00AAC115 /* Release */ = {
			isa = XCBuildConfiguration;
			buildSettings = {
				ALWAYS_EMBED_SWIFT_STANDARD_LIBRARIES = YES;
				CODE_SIGN_STYLE = Automatic;
				DEVELOPMENT_TEAM = T9DDB4H4HQ;
				INFOPLIST_FILE = CoreDataSwiftUISandboxUITests/Info.plist;
				LD_RUNPATH_SEARCH_PATHS = (
					"$(inherited)",
					"@executable_path/Frameworks",
					"@loader_path/Frameworks",
				);
				PRODUCT_BUNDLE_IDENTIFIER = com.atinagnihotri.CoreDataSwiftUISandboxUITests;
				PRODUCT_NAME = "$(TARGET_NAME)";
				SWIFT_VERSION = 5.0;
				TARGETED_DEVICE_FAMILY = "1,2";
				TEST_TARGET_NAME = CoreDataSwiftUISandbox;
			};
			name = Release;
		};
/* End XCBuildConfiguration section */

/* Begin XCConfigurationList section */
		857938C726872FF500AAC115 /* Build configuration list for PBXProject "CoreDataSwiftUISandbox" */ = {
			isa = XCConfigurationList;
			buildConfigurations = (
				857938F426872FFA00AAC115 /* Debug */,
				857938F526872FFA00AAC115 /* Release */,
			);
			defaultConfigurationIsVisible = 0;
			defaultConfigurationName = Release;
		};
		857938F626872FFA00AAC115 /* Build configuration list for PBXNativeTarget "CoreDataSwiftUISandbox" */ = {
			isa = XCConfigurationList;
			buildConfigurations = (
				857938F726872FFA00AAC115 /* Debug */,
				857938F826872FFA00AAC115 /* Release */,
			);
			defaultConfigurationIsVisible = 0;
			defaultConfigurationName = Release;
		};
		857938F926872FFA00AAC115 /* Build configuration list for PBXNativeTarget "CoreDataSwiftUISandboxTests" */ = {
			isa = XCConfigurationList;
			buildConfigurations = (
				857938FA26872FFA00AAC115 /* Debug */,
				857938FB26872FFA00AAC115 /* Release */,
			);
			defaultConfigurationIsVisible = 0;
			defaultConfigurationName = Release;
		};
		857938FC26872FFA00AAC115 /* Build configuration list for PBXNativeTarget "CoreDataSwiftUISandboxUITests" */ = {
			isa = XCConfigurationList;
			buildConfigurations = (
				857938FD26872FFA00AAC115 /* Debug */,
				857938FE26872FFA00AAC115 /* Release */,
			);
			defaultConfigurationIsVisible = 0;
			defaultConfigurationName = Release;
		};
/* End XCConfigurationList section */

/* Begin XCVersionGroup section */
		857938DA26872FFA00AAC115 /* CoreDataSwiftUISandbox.xcdatamodeld */ = {
			isa = XCVersionGroup;
			children = (
				857938DB26872FFA00AAC115 /* CoreDataSwiftUISandbox.xcdatamodel */,
			);
			currentVersion = 857938DB26872FFA00AAC115 /* CoreDataSwiftUISandbox.xcdatamodel */;
			path = CoreDataSwiftUISandbox.xcdatamodeld;
			sourceTree = "<group>";
			versionGroupType = wrapper.xcdatamodel;
		};
/* End XCVersionGroup section */
	};
	rootObject = 857938C426872FF500AAC115 /* Project object */;
}
